
Microsoft Visual Studio Solution File, Format Version 12.00
# Visual Studio Version 17
VisualStudioVersion = 17.7.34003.232
MinimumVisualStudioVersion = 10.0.40219.1
Project("{FAE04EC0-301F-11D3-BF4B-00C04F79EFBC}") = "Framework", "Framework\Framework.csproj", "{A85610AC-F110-4080-AD10-5BBBDC3828C5}"
EndProject
Project("{FAE04EC0-301F-11D3-BF4B-00C04F79EFBC}") = "Framework_NUnit", "Framework_NUnit\Framework_NUnit.csproj", "{CD5D8DFA-16AD-4275-B5B2-2A613A4C20F3}"
EndProject
Project("{FAE04EC0-301F-11D3-BF4B-00C04F79EFBC}") = "Framework_Test", "Framework_Test\Framework_Test.csproj", "{6BFC6170-C643-4245-AFE9-86A23BEC620C}"
EndProject
Project("{2150E333-8FDC-42A3-9474-1A3956D46DE8}") = "Docs", "Docs", "{44AA18D9-9797-4C9D-9883-BE606E7361CD}"
	ProjectSection(SolutionItems) = preProject
		LICENSE = LICENSE
		README.md = README.md
	EndProjectSection
EndProject
Project("{2150E333-8FDC-42A3-9474-1A3956D46DE8}") = ".nuget", ".nuget", "{901B1D4E-7687-4DB9-9077-6535954D8738}"
	ProjectSection(SolutionItems) = preProject
		.gitignore = .gitignore
		NuGet.Config = NuGet.Config
	EndProjectSection
EndProject
Project("{2150E333-8FDC-42A3-9474-1A3956D46DE8}") = ".github", ".github", "{F7B12FFF-EB17-431C-AC64-5B7CAFCABFAE}"
EndProject
Project("{2150E333-8FDC-42A3-9474-1A3956D46DE8}") = "workflows", "workflows", "{BC30F4CD-C691-4491-A0CC-1F6CB78C6BB2}"
	ProjectSection(SolutionItems) = preProject
		.github\workflows\dotnet-desktop.yml = .github\workflows\dotnet-desktop.yml
	EndProjectSection
EndProject
Global
	GlobalSection(SolutionConfigurationPlatforms) = preSolution
		Debug|Any CPU = Debug|Any CPU
		Release|Any CPU = Release|Any CPU
	EndGlobalSection
	GlobalSection(ProjectConfigurationPlatforms) = postSolution
		{A85610AC-F110-4080-AD10-5BBBDC3828C5}.Debug|Any CPU.ActiveCfg = Debug|Any CPU
		{A85610AC-F110-4080-AD10-5BBBDC3828C5}.Debug|Any CPU.Build.0 = Debug|Any CPU
		{A85610AC-F110-4080-AD10-5BBBDC3828C5}.Release|Any CPU.ActiveCfg = Release|Any CPU
		{A85610AC-F110-4080-AD10-5BBBDC3828C5}.Release|Any CPU.Build.0 = Release|Any CPU
		{CD5D8DFA-16AD-4275-B5B2-2A613A4C20F3}.Debug|Any CPU.ActiveCfg = Debug|Any CPU
		{CD5D8DFA-16AD-4275-B5B2-2A613A4C20F3}.Debug|Any CPU.Build.0 = Debug|Any CPU
		{CD5D8DFA-16AD-4275-B5B2-2A613A4C20F3}.Release|Any CPU.ActiveCfg = Release|Any CPU
		{CD5D8DFA-16AD-4275-B5B2-2A613A4C20F3}.Release|Any CPU.Build.0 = Release|Any CPU
		{6BFC6170-C643-4245-AFE9-86A23BEC620C}.Debug|Any CPU.ActiveCfg = Debug|Any CPU
		{6BFC6170-C643-4245-AFE9-86A23BEC620C}.Debug|Any CPU.Build.0 = Debug|Any CPU
		{6BFC6170-C643-4245-AFE9-86A23BEC620C}.Release|Any CPU.ActiveCfg = Release|Any CPU
		{6BFC6170-C643-4245-AFE9-86A23BEC620C}.Release|Any CPU.Build.0 = Release|Any CPU
	EndGlobalSection
	GlobalSection(SolutionProperties) = preSolution
		HideSolutionNode = FALSE
	EndGlobalSection
	GlobalSection(NestedProjects) = preSolution
		{BC30F4CD-C691-4491-A0CC-1F6CB78C6BB2} = {F7B12FFF-EB17-431C-AC64-5B7CAFCABFAE}
	EndGlobalSection
	GlobalSection(ExtensibilityGlobals) = postSolution
		SolutionGuid = {E065FEE4-A9C3-4DD0-BACA-9BD941E2EE54}
	EndGlobalSection
	GlobalSection(SubversionScc) = preSolution
		Svn-Managed = True
		Manager = AnkhSVN - Subversion Support for Visual Studio
	EndGlobalSection
EndGlobal
